{
  "version": 4,
  "terraform_version": "1.3.7",
  "serial": 36,
  "lineage": "930da6dc-872a-57e2-e33d-f66708b308c0",
  "outputs": {
    "backend_account_name": {
      "value": "devopsprojectbackend0000",
      "type": "string"
    },
    "backend_container_name": {
      "value": "tfstate",
      "type": "string"
    },
    "backend_key_vault_name": {
      "value": "backendkeyvault0000",
      "type": "string"
    },
    "backend_ressource_group_name": {
      "value": "backend-storage-ressource-group",
      "type": "string"
    }
  },
  "resources": [
    {
      "mode": "data",
      "type": "azurerm_client_config",
      "name": "current",
      "provider": "provider[\"registry.terraform.io/hashicorp/azurerm\"]",
      "instances": [
        {
          "schema_version": 0,
          "attributes": {
            "client_id": "04b07795-8ddb-461a-bbee-02f9e1bf7b46",
            "id": "Y2xpZW50Q29uZmlncy9jbGllbnRJZD0wNGIwNzc5NS04ZGRiLTQ2MWEtYmJlZS0wMmY5ZTFiZjdiNDY7b2JqZWN0SWQ9YTIyNzdlOWYtYzI2Ny00YmYyLWIxNTItOTljM2ZiNzhlMTkyO3N1YnNjcmlwdGlvbklkPWIxNWZiZGZmLTIyODAtNDVmMC04MzRlLWNkNTljNjQ5ZWRlMTt0ZW5hbnRJZD1kYmQ2NjY0ZC00ZWI5LTQ2ZWItOTlkOC01YzQzYmExNTNjNjE=",
            "object_id": "a2277e9f-c267-4bf2-b152-99c3fb78e192",
            "subscription_id": "b15fbdff-2280-45f0-834e-cd59c649ede1",
            "tenant_id": "dbd6664d-4eb9-46eb-99d8-5c43ba153c61",
            "timeouts": null
          },
          "sensitive_attributes": []
        }
      ]
    },
    {
      "mode": "managed",
      "type": "azurerm_key_vault",
      "name": "this",
      "provider": "provider[\"registry.terraform.io/hashicorp/azurerm\"]",
      "instances": [
        {
          "schema_version": 2,
          "attributes": {
            "access_policy": [
              {
                "application_id": "",
                "certificate_permissions": [],
                "key_permissions": [
                  "Get"
                ],
                "object_id": "a2277e9f-c267-4bf2-b152-99c3fb78e192",
                "secret_permissions": [
                  "Get",
                  "Set",
                  "Delete",
                  "List"
                ],
                "storage_permissions": [
                  "Get"
                ],
                "tenant_id": "dbd6664d-4eb9-46eb-99d8-5c43ba153c61"
              }
            ],
            "contact": [],
            "enable_rbac_authorization": false,
            "enabled_for_deployment": false,
            "enabled_for_disk_encryption": true,
            "enabled_for_template_deployment": false,
            "id": "/subscriptions/b15fbdff-2280-45f0-834e-cd59c649ede1/resourceGroups/backend-storage-ressource-group/providers/Microsoft.KeyVault/vaults/backendkeyvault0000",
            "location": "francecentral",
            "name": "backendkeyvault0000",
            "network_acls": [
              {
                "bypass": "AzureServices",
                "default_action": "Allow",
                "ip_rules": [],
                "virtual_network_subnet_ids": []
              }
            ],
            "public_network_access_enabled": true,
            "purge_protection_enabled": false,
            "resource_group_name": "backend-storage-ressource-group",
            "sku_name": "standard",
            "soft_delete_retention_days": 7,
            "tags": {},
            "tenant_id": "dbd6664d-4eb9-46eb-99d8-5c43ba153c61",
            "timeouts": null,
            "vault_uri": "https://backendkeyvault0000.vault.azure.net/"
          },
          "sensitive_attributes": [],
          "private": "eyJlMmJmYjczMC1lY2FhLTExZTYtOGY4OC0zNDM2M2JjN2M0YzAiOnsiY3JlYXRlIjoxODAwMDAwMDAwMDAwLCJkZWxldGUiOjE4MDAwMDAwMDAwMDAsInJlYWQiOjMwMDAwMDAwMDAwMCwidXBkYXRlIjoxODAwMDAwMDAwMDAwfSwic2NoZW1hX3ZlcnNpb24iOiIyIn0=",
          "dependencies": [
            "azurerm_resource_group.this",
            "data.azurerm_client_config.current"
          ]
        }
      ]
    },
    {
      "mode": "managed",
      "type": "azurerm_key_vault_secret",
      "name": "backend_account_name",
      "provider": "provider[\"registry.terraform.io/hashicorp/azurerm\"]",
      "instances": [
        {
          "schema_version": 0,
          "attributes": {
            "content_type": "",
            "expiration_date": null,
            "id": "https://backendkeyvault0000.vault.azure.net/secrets/backend-account-name/10685b47216b4c52b4de037f7ddd17d6",
            "key_vault_id": "/subscriptions/b15fbdff-2280-45f0-834e-cd59c649ede1/resourceGroups/backend-storage-ressource-group/providers/Microsoft.KeyVault/vaults/backendkeyvault0000",
            "name": "backend-account-name",
            "not_before_date": null,
            "resource_id": "/subscriptions/b15fbdff-2280-45f0-834e-cd59c649ede1/resourceGroups/backend-storage-ressource-group/providers/Microsoft.KeyVault/vaults/backendkeyvault0000/secrets/backend-account-name/versions/10685b47216b4c52b4de037f7ddd17d6",
            "resource_versionless_id": "/subscriptions/b15fbdff-2280-45f0-834e-cd59c649ede1/resourceGroups/backend-storage-ressource-group/providers/Microsoft.KeyVault/vaults/backendkeyvault0000/secrets/backend-account-name",
            "tags": {},
            "timeouts": null,
            "value": "devopsprojectbackend0000",
            "version": "10685b47216b4c52b4de037f7ddd17d6",
            "versionless_id": "https://backendkeyvault0000.vault.azure.net/secrets/backend-account-name"
          },
          "sensitive_attributes": [],
          "private": "eyJlMmJmYjczMC1lY2FhLTExZTYtOGY4OC0zNDM2M2JjN2M0YzAiOnsiY3JlYXRlIjoxODAwMDAwMDAwMDAwLCJkZWxldGUiOjE4MDAwMDAwMDAwMDAsInJlYWQiOjE4MDAwMDAwMDAwMDAsInVwZGF0ZSI6MTgwMDAwMDAwMDAwMH19",
          "dependencies": [
            "azurerm_key_vault.this",
            "azurerm_resource_group.this",
            "azurerm_storage_account.this",
            "data.azurerm_client_config.current"
          ]
        }
      ]
    },
    {
      "mode": "managed",
      "type": "azurerm_key_vault_secret",
      "name": "backend_container_name",
      "provider": "provider[\"registry.terraform.io/hashicorp/azurerm\"]",
      "instances": [
        {
          "schema_version": 0,
          "attributes": {
            "content_type": "",
            "expiration_date": null,
            "id": "https://backendkeyvault0000.vault.azure.net/secrets/backend-container-name/420c475bb9b4479d9a58c290a2710af4",
            "key_vault_id": "/subscriptions/b15fbdff-2280-45f0-834e-cd59c649ede1/resourceGroups/backend-storage-ressource-group/providers/Microsoft.KeyVault/vaults/backendkeyvault0000",
            "name": "backend-container-name",
            "not_before_date": null,
            "resource_id": "/subscriptions/b15fbdff-2280-45f0-834e-cd59c649ede1/resourceGroups/backend-storage-ressource-group/providers/Microsoft.KeyVault/vaults/backendkeyvault0000/secrets/backend-container-name/versions/420c475bb9b4479d9a58c290a2710af4",
            "resource_versionless_id": "/subscriptions/b15fbdff-2280-45f0-834e-cd59c649ede1/resourceGroups/backend-storage-ressource-group/providers/Microsoft.KeyVault/vaults/backendkeyvault0000/secrets/backend-container-name",
            "tags": {},
            "timeouts": null,
            "value": "tfstate",
            "version": "420c475bb9b4479d9a58c290a2710af4",
            "versionless_id": "https://backendkeyvault0000.vault.azure.net/secrets/backend-container-name"
          },
          "sensitive_attributes": [],
          "private": "eyJlMmJmYjczMC1lY2FhLTExZTYtOGY4OC0zNDM2M2JjN2M0YzAiOnsiY3JlYXRlIjoxODAwMDAwMDAwMDAwLCJkZWxldGUiOjE4MDAwMDAwMDAwMDAsInJlYWQiOjE4MDAwMDAwMDAwMDAsInVwZGF0ZSI6MTgwMDAwMDAwMDAwMH19",
          "dependencies": [
            "azurerm_key_vault.this",
            "azurerm_resource_group.this",
            "azurerm_storage_account.this",
            "azurerm_storage_container.this",
            "data.azurerm_client_config.current"
          ]
        }
      ]
    },
    {
      "mode": "managed",
      "type": "azurerm_resource_group",
      "name": "this",
      "provider": "provider[\"registry.terraform.io/hashicorp/azurerm\"]",
      "instances": [
        {
          "schema_version": 0,
          "attributes": {
            "id": "/subscriptions/b15fbdff-2280-45f0-834e-cd59c649ede1/resourceGroups/backend-storage-ressource-group",
            "location": "francecentral",
            "name": "backend-storage-ressource-group",
            "tags": {},
            "timeouts": null
          },
          "sensitive_attributes": [],
          "private": "eyJlMmJmYjczMC1lY2FhLTExZTYtOGY4OC0zNDM2M2JjN2M0YzAiOnsiY3JlYXRlIjo1NDAwMDAwMDAwMDAwLCJkZWxldGUiOjU0MDAwMDAwMDAwMDAsInJlYWQiOjMwMDAwMDAwMDAwMCwidXBkYXRlIjo1NDAwMDAwMDAwMDAwfX0="
        }
      ]
    },
    {
      "mode": "managed",
      "type": "azurerm_storage_account",
      "name": "this",
      "provider": "provider[\"registry.terraform.io/hashicorp/azurerm\"]",
      "instances": [
        {
          "schema_version": 3,
          "attributes": {
            "access_tier": "Hot",
            "account_kind": "StorageV2",
            "account_replication_type": "LRS",
            "account_tier": "Standard",
            "allow_nested_items_to_be_public": true,
            "allowed_copy_scope": "",
            "azure_files_authentication": [],
            "blob_properties": [
              {
                "change_feed_enabled": false,
                "change_feed_retention_in_days": 0,
                "container_delete_retention_policy": [],
                "cors_rule": [],
                "default_service_version": "",
                "delete_retention_policy": [],
                "last_access_time_enabled": false,
                "restore_policy": [],
                "versioning_enabled": false
              }
            ],
            "cross_tenant_replication_enabled": true,
            "custom_domain": [],
            "customer_managed_key": [],
            "default_to_oauth_authentication": false,
            "edge_zone": "",
            "enable_https_traffic_only": true,
            "id": "/subscriptions/b15fbdff-2280-45f0-834e-cd59c649ede1/resourceGroups/backend-storage-ressource-group/providers/Microsoft.Storage/storageAccounts/devopsprojectbackend0000",
            "identity": [],
            "immutability_policy": [],
            "infrastructure_encryption_enabled": false,
            "is_hns_enabled": false,
            "large_file_share_enabled": null,
            "location": "francecentral",
            "min_tls_version": "TLS1_2",
            "name": "devopsprojectbackend0000",
            "network_rules": [
              {
                "bypass": [
                  "AzureServices"
                ],
                "default_action": "Allow",
                "ip_rules": [],
                "private_link_access": [],
                "virtual_network_subnet_ids": []
              }
            ],
            "nfsv3_enabled": false,
            "primary_access_key": "3erUlyCLYNLsU6Hi/Wms0RG0LN3QJpAkpqgoDdRxcX2WNP+F7EVNKps/bIEJLdeCeDx3jarvLcsV+AStZgc83w==",
            "primary_blob_connection_string": "DefaultEndpointsProtocol=https;BlobEndpoint=https://devopsprojectbackend0000.blob.core.windows.net/;AccountName=devopsprojectbackend0000;AccountKey=3erUlyCLYNLsU6Hi/Wms0RG0LN3QJpAkpqgoDdRxcX2WNP+F7EVNKps/bIEJLdeCeDx3jarvLcsV+AStZgc83w==",
            "primary_blob_endpoint": "https://devopsprojectbackend0000.blob.core.windows.net/",
            "primary_blob_host": "devopsprojectbackend0000.blob.core.windows.net",
            "primary_connection_string": "DefaultEndpointsProtocol=https;AccountName=devopsprojectbackend0000;AccountKey=3erUlyCLYNLsU6Hi/Wms0RG0LN3QJpAkpqgoDdRxcX2WNP+F7EVNKps/bIEJLdeCeDx3jarvLcsV+AStZgc83w==;EndpointSuffix=core.windows.net",
            "primary_dfs_endpoint": "https://devopsprojectbackend0000.dfs.core.windows.net/",
            "primary_dfs_host": "devopsprojectbackend0000.dfs.core.windows.net",
            "primary_file_endpoint": "https://devopsprojectbackend0000.file.core.windows.net/",
            "primary_file_host": "devopsprojectbackend0000.file.core.windows.net",
            "primary_location": "francecentral",
            "primary_queue_endpoint": "https://devopsprojectbackend0000.queue.core.windows.net/",
            "primary_queue_host": "devopsprojectbackend0000.queue.core.windows.net",
            "primary_table_endpoint": "https://devopsprojectbackend0000.table.core.windows.net/",
            "primary_table_host": "devopsprojectbackend0000.table.core.windows.net",
            "primary_web_endpoint": "https://devopsprojectbackend0000.z28.web.core.windows.net/",
            "primary_web_host": "devopsprojectbackend0000.z28.web.core.windows.net",
            "public_network_access_enabled": true,
            "queue_encryption_key_type": "Service",
            "queue_properties": [
              {
                "cors_rule": [],
                "hour_metrics": [
                  {
                    "enabled": true,
                    "include_apis": true,
                    "retention_policy_days": 7,
                    "version": "1.0"
                  }
                ],
                "logging": [
                  {
                    "delete": false,
                    "read": false,
                    "retention_policy_days": 0,
                    "version": "1.0",
                    "write": false
                  }
                ],
                "minute_metrics": [
                  {
                    "enabled": false,
                    "include_apis": false,
                    "retention_policy_days": 0,
                    "version": "1.0"
                  }
                ]
              }
            ],
            "resource_group_name": "backend-storage-ressource-group",
            "routing": [],
            "sas_policy": [],
            "secondary_access_key": "TPt1y/Acnyk9LrFUi3z6TjkDMiXOWw1EkmEPu+YVDaXWvJVNzndu78BnLTW+QUcuNBe//kQ1TgL2+AStiEAozA==",
            "secondary_blob_connection_string": "",
            "secondary_blob_endpoint": null,
            "secondary_blob_host": null,
            "secondary_connection_string": "DefaultEndpointsProtocol=https;AccountName=devopsprojectbackend0000;AccountKey=TPt1y/Acnyk9LrFUi3z6TjkDMiXOWw1EkmEPu+YVDaXWvJVNzndu78BnLTW+QUcuNBe//kQ1TgL2+AStiEAozA==;EndpointSuffix=core.windows.net",
            "secondary_dfs_endpoint": null,
            "secondary_dfs_host": null,
            "secondary_file_endpoint": null,
            "secondary_file_host": null,
            "secondary_location": "",
            "secondary_queue_endpoint": null,
            "secondary_queue_host": null,
            "secondary_table_endpoint": null,
            "secondary_table_host": null,
            "secondary_web_endpoint": null,
            "secondary_web_host": null,
            "sftp_enabled": false,
            "share_properties": [
              {
                "cors_rule": [],
                "retention_policy": [
                  {
                    "days": 7
                  }
                ],
                "smb": []
              }
            ],
            "shared_access_key_enabled": true,
            "static_website": [],
            "table_encryption_key_type": "Service",
            "tags": {
              "environment": "staging"
            },
            "timeouts": null
          },
          "sensitive_attributes": [],
          "private": "eyJlMmJmYjczMC1lY2FhLTExZTYtOGY4OC0zNDM2M2JjN2M0YzAiOnsiY3JlYXRlIjozNjAwMDAwMDAwMDAwLCJkZWxldGUiOjM2MDAwMDAwMDAwMDAsInJlYWQiOjMwMDAwMDAwMDAwMCwidXBkYXRlIjozNjAwMDAwMDAwMDAwfSwic2NoZW1hX3ZlcnNpb24iOiIzIn0=",
          "dependencies": [
            "azurerm_resource_group.this"
          ]
        }
      ]
    },
    {
      "mode": "managed",
      "type": "azurerm_storage_container",
      "name": "this",
      "provider": "provider[\"registry.terraform.io/hashicorp/azurerm\"]",
      "instances": [
        {
          "schema_version": 1,
          "attributes": {
            "container_access_type": "private",
            "has_immutability_policy": false,
            "has_legal_hold": false,
            "id": "https://devopsprojectbackend0000.blob.core.windows.net/tfstate",
            "metadata": {},
            "name": "tfstate",
            "resource_manager_id": "/subscriptions/b15fbdff-2280-45f0-834e-cd59c649ede1/resourceGroups/backend-storage-ressource-group/providers/Microsoft.Storage/storageAccounts/devopsprojectbackend0000/blobServices/default/containers/tfstate",
            "storage_account_name": "devopsprojectbackend0000",
            "timeouts": null
          },
          "sensitive_attributes": [],
          "private": "eyJlMmJmYjczMC1lY2FhLTExZTYtOGY4OC0zNDM2M2JjN2M0YzAiOnsiY3JlYXRlIjoxODAwMDAwMDAwMDAwLCJkZWxldGUiOjE4MDAwMDAwMDAwMDAsInJlYWQiOjMwMDAwMDAwMDAwMCwidXBkYXRlIjoxODAwMDAwMDAwMDAwfSwic2NoZW1hX3ZlcnNpb24iOiIxIn0=",
          "dependencies": [
            "azurerm_resource_group.this",
            "azurerm_storage_account.this"
          ]
        }
      ]
    }
  ],
  "check_results": null
}
